{
    "_meta": {
        "hash": {
            "sha256": "9d20df2076f5ebca56b2f5f386569a3f0ef344a1580fd540dc80899afb2c08a6"
        },
        "pipfile-spec": 6,
        "requires": {
            "python_version": "2.7"
        },
        "sources": [
            {
                "name": "pypi",
                "url": "https://pypi.python.org/simple",
                "verify_ssl": true
            }
        ]
    },
    "default": {
        "certifi": {
            "hashes": [
                "sha256:1d987a998c75633c40847cc966fcf5904906c920a7f17ef374f5aa4282abd304",
                "sha256:51fcb31174be6e6664c5f69e3e1691a2d72a1a12e90f872cbdb1567eb47b6519"
            ],
            "version": "==2020.4.5.1"
        },
        "chardet": {
            "hashes": [
                "sha256:84ab92ed1c4d4f16916e05906b6b75a6c0fb5db821cc65e70cbd64a3e2a5eaae",
                "sha256:fc323ffcaeaed0e0a02bf4d117757b98aed530d9ed4531e3e15460124c106691"
            ],
            "version": "==3.0.4"
        },
        "django": {
            "hashes": [
                "sha256:014e3392058d94f40569206a24523ce254d55ad2f9f46c6550b0fe2e4f94cf3f",
                "sha256:4200aefb6678019a0acf0005cd14cfce3a5e6b9b90d06145fcdd2e474ad4329c"
            ],
            "index": "pypi",
            "version": "==1.11.29"
        },
        "django-background-tasks": {
            "hashes": [
                "sha256:ecc9606c16372394ab3239c3b29c04530bb6052d1d4d67ad1ce0908289a1294a"
            ],
            "index": "pypi",
            "version": "==1.1.12"
        },
        "django-compat": {
            "hashes": [
                "sha256:3ac9a3bedc56b9365d9eb241bc5157d0c193769bf995f9a78dc1bc24e7c2331b"
            ],
            "version": "==1.0.15"
        },
        "django-environ": {
            "hashes": [
                "sha256:e9c171b9d5f540e6f3bc42866941d9cd0bd77fb110a7c13a7c4857a2c08cfa40",
                "sha256:ee2f8405d83137e3328b26b3de01bd715b5395fca22feb919dcc905fb6099cfa"
            ],
            "index": "pypi",
            "version": "==0.4.4"
        },
        "honcho": {
            "hashes": [
                "sha256:af5806bf13e3b20acdcb9ff8c0beb91eee6fe07393c3448dfad89667e6ac7576",
                "sha256:c189402ad2e337777283c6a12d0f4f61dc6dd20c254c9a3a4af5087fc66cea6e"
            ],
            "index": "pypi",
            "version": "==1.0.1"
        },
        "idna": {
            "hashes": [
                "sha256:7588d1c14ae4c77d74036e8c22ff447b26d0fde8f007354fd48a7814db15b7cb",
                "sha256:a068a21ceac8a4d63dbfd964670474107f541babbd2250d61922f029858365fa"
            ],
            "version": "==2.9"
        },
        "psycopg2": {
            "hashes": [
                "sha256:009e0bc09a57dbef4b601cb8b46a2abad51f5274c8be4bba276ff2884cd4cc53",
                "sha256:0344b181e1aea37a58c218ccb0f0f771295de9aa25a625ed076e6996c6530f9e",
                "sha256:0cd4c848f0e9d805d531e44973c8f48962e20eb7fc0edac3db4f9dbf9ed5ab82",
                "sha256:1286dd16d0e46d59fa54582725986704a7a3f3d9aca6c5902a7eceb10c60cb7e",
                "sha256:1cf5d84290c771eeecb734abe2c6c3120e9837eb12f99474141a862b9061ac51",
                "sha256:207ba4f9125a0a4200691e82d5eee7ea1485708eabe99a07fc7f08696fae62f4",
                "sha256:25250867a4cd1510fb755ef9cb38da3065def999d8e92c44e49a39b9b76bc893",
                "sha256:2954557393cfc9a5c11a5199c7a78cd9c0c793a047552d27b1636da50d013916",
                "sha256:317612d5d0ca4a9f7e42afb2add69b10be360784d21ce4ecfbca19f1f5eadf43",
                "sha256:37f54452c7787dbdc0a634ca9773362b91709917f0b365ed14b831f03cbd34ba",
                "sha256:40fa5630cd7d237cd93c4d4b64b9e5ed9273d1cfce55241c7f9066f5db70629d",
                "sha256:57baf63aeb2965ca4b52613ce78e968b6d2bde700c97f6a7e8c6c236b51ab83e",
                "sha256:594aa9a095de16614f703d759e10c018bdffeafce2921b8e80a0e8a0ebbc12e5",
                "sha256:5c3213be557d0468f9df8fe2487eaf2990d9799202c5ff5cb8d394d09fad9b2a",
                "sha256:697ff63bc5451e0b0db48ad205151123d25683b3754198be7ab5fcb44334e519",
                "sha256:6c2f1a76a9ebd9ecf7825b9e20860139ca502c2bf1beabf6accf6c9e66a7e0c3",
                "sha256:7a75565181e75ba0b9fb174b58172bf6ea9b4331631cfe7bafff03f3641f5d73",
                "sha256:7a9c6c62e6e05df5406e9b5235c31c376a22620ef26715a663cee57083b3c2ea",
                "sha256:7c31dade89634807196a6b20ced831fbd5bec8a21c4e458ea950c9102c3aa96f",
                "sha256:82c40ea3ac1555e0462803380609fbe8b26f52620f3d4f8eb480cfd8ceed8a14",
                "sha256:8f5942a4daf1ffac42109dc4a72f786af4baa4fa702ede1d7c57b4b696c2e7d6",
                "sha256:92179bd68c2efe72924a99b6745a9172471931fc296f9bfdf9645b75eebd6344",
                "sha256:94e4128ba1ea56f02522fffac65520091a9de3f5c00da31539e085e13db4771b",
                "sha256:988d2ec7560d42ef0ac34b3b97aad14c4f068792f00e1524fa1d3749fe4e4b64",
                "sha256:9d6266348b15b4a48623bf4d3e50445d8e581da413644f365805b321703d0fac",
                "sha256:9d64fed2681552ed642e9c0cc831a9e95ab91de72b47d0cb68b5bf506ba88647",
                "sha256:b9358e203168fef7bfe9f430afaed3a2a624717a1d19c7afa7dfcbd76e3cd95c",
                "sha256:bf708455cd1e9fa96c05126e89a0c59b200d086c7df7bbafc7d9be769e4149a3",
                "sha256:d3ac07240e2304181ffdb13c099840b5eb555efc7be9344503c0c03aa681de79",
                "sha256:ddca39cc55877653b5fcf59976d073e3d58c7c406ef54ae8e61ddf8782867182",
                "sha256:fc993c9331d91766d54757bbc70231e29d5ceb2d1ac08b1570feaa0c38ab9582"
            ],
            "index": "pypi",
            "version": "==2.7.3.2"
        },
        "pytz": {
            "hashes": [
                "sha256:a494d53b6d39c3c6e44c3bec237336e14305e4f29bbf800b599253057fbb79ed",
                "sha256:c35965d010ce31b23eeb663ed3cc8c906275d6be1a34393a1d73a41febf4a048"
            ],
            "version": "==2020.1"
        },
        "pyyaml": {
            "hashes": [
                "sha256:16b20e970597e051997d90dc2cddc713a2876c47e3d92d59ee198700c5427736",
                "sha256:3262c96a1ca437e7e4763e2843746588a965426550f3797a79fca9c6199c431f",
                "sha256:592766c6303207a20efc445587778322d7f73b161bd994f227adaa341ba212ab",
                "sha256:5ac82e411044fb129bae5cfbeb3ba626acb2af31a8d17d175004b70862a741a7",
                "sha256:827dc04b8fa7d07c44de11fabbc888e627fa8293b695e0f99cb544fdfa1bf0d1",
                "sha256:bc6bced57f826ca7cb5125a10b23fd0f2fff3b7c4701d64c439a300ce665fff8",
                "sha256:c01b880ec30b5a6e6aa67b09a2fe3fb30473008c85cd6a67359a1b15ed6d83a4",
                "sha256:e863072cdf4c72eebf179342c94e6989c67185842d9997960b3e69290b2fa269"
            ],
            "index": "pypi",
            "version": "==3.12"
        },
        "requests": {
            "hashes": [
                "sha256:43999036bfa82904b6af1d99e4882b560e5e2c68e5c4b0aa03b655f3d7d73fee",
                "sha256:b3f43d496c6daba4493e7c431722aeb7dbc6288f52a6e04e7b6023b0247817e6"
            ],
            "version": "==2.23.0"
        },
        "six": {
            "hashes": [
                "sha256:30639c035cdb23534cd4aa2dd52c3bf48f06e5f4a941509c8bafd8ce11080259",
                "sha256:8b74bedcbbbaca38ff6d7491d76f2b06b3592611af620f8426e82dddb04a5ced"
            ],
            "version": "==1.15.0"
        },
        "slackclient": {
            "hashes": [
                "sha256:11264e29932ab7de4bfe3a37fdb974219bea07b5e945da92166bb53c4f4d92a8"
            ],
            "index": "pypi",
            "version": "==1.0.9"
        },
        "urllib3": {
            "hashes": [
                "sha256:3018294ebefce6572a474f0604c2021e33b3fd8006ecd11d62107a5d2a963527",
                "sha256:88206b0eb87e6d677d424843ac5209e3fb9d0190d0ee169599165ec25e9d9115"
            ],
            "version": "==1.25.9"
        },
        "websocket-client": {
            "hashes": [
                "sha256:0fc45c961324d79c781bab301359d5a1b00b13ad1b10415a4780229ef71a5549",
                "sha256:d735b91d6d1692a6a181f2a8c9e0238e5f6373356f561bb9dc4c7af36f452010"
            ],
            "version": "==0.57.0"
        }
    },
    "develop": {}
}
