{
    "_meta": {
        "hash": {
            "sha256": "924e5f76eb99ff76bcb0832492a204b987543445fe2fc7c0765047e37cbc44a0"
        },
        "pipfile-spec": 6,
        "requires": {
            "python_version": "2.7"
        },
        "sources": [
            {
                "name": "pypi",
                "url": "https://pypi.python.org/simple",
                "verify_ssl": true
            }
        ]
    },
    "default": {
        "certifi": {
            "hashes": [
                "sha256:1a4995114262bffbc2413b159f2a1a480c969de6e6eb13ee966d470af86af59c",
                "sha256:719a74fb9e33b9bd44cc7f3a8d94bc35e4049deebe19ba7d8e108280cfd59830"
            ],
            "version": "==2020.12.5"
        },
        "chardet": {
            "hashes": [
                "sha256:0d6f53a15db4120f2b08c94f11e7d93d2c911ee118b6b30a04ec3ee8310179fa",
                "sha256:f864054d66fd9118f2e67044ac8981a54775ec5b67aed0441892edb553d21da5"
            ],
            "version": "==4.0.0"
        },
        "django": {
            "hashes": [
                "sha256:7ab6a9c798a5f9f359ee6da3677211f883fb02ef32cebe9b29751eb7a871febf",
                "sha256:c3b42ca1efa1c0a129a9e863134cc3fe705c651dea3a04a7998019e522af0c60"
            ],
            "index": "pypi",
            "version": "==1.11.6"
        },
        "django-background-tasks": {
            "hashes": [
                "sha256:ecc9606c16372394ab3239c3b29c04530bb6052d1d4d67ad1ce0908289a1294a"
            ],
            "index": "pypi",
            "version": "==1.1.12"
        },
        "django-compat": {
            "hashes": [
                "sha256:3ac9a3bedc56b9365d9eb241bc5157d0c193769bf995f9a78dc1bc24e7c2331b"
            ],
            "version": "==1.0.15"
        },
        "django-environ": {
            "hashes": [
                "sha256:e9c171b9d5f540e6f3bc42866941d9cd0bd77fb110a7c13a7c4857a2c08cfa40",
                "sha256:ee2f8405d83137e3328b26b3de01bd715b5395fca22feb919dcc905fb6099cfa"
            ],
            "index": "pypi",
            "version": "==0.4.4"
        },
        "honcho": {
            "hashes": [
                "sha256:af5806bf13e3b20acdcb9ff8c0beb91eee6fe07393c3448dfad89667e6ac7576",
                "sha256:c189402ad2e337777283c6a12d0f4f61dc6dd20c254c9a3a4af5087fc66cea6e"
            ],
            "index": "pypi",
            "version": "==1.0.1"
        },
        "idna": {
            "hashes": [
                "sha256:b307872f855b18632ce0c21c5e45be78c0ea7ae4c15c828c20788b26921eb3f6",
                "sha256:b97d804b1e9b523befed77c48dacec60e6dcb0b5391d57af6a65a312a90648c0"
            ],
            "version": "==2.10"
        },
        "psycopg2": {
            "hashes": [
                "sha256:009e0bc09a57dbef4b601cb8b46a2abad51f5274c8be4bba276ff2884cd4cc53",
                "sha256:0344b181e1aea37a58c218ccb0f0f771295de9aa25a625ed076e6996c6530f9e",
                "sha256:0cd4c848f0e9d805d531e44973c8f48962e20eb7fc0edac3db4f9dbf9ed5ab82",
                "sha256:1286dd16d0e46d59fa54582725986704a7a3f3d9aca6c5902a7eceb10c60cb7e",
                "sha256:1cf5d84290c771eeecb734abe2c6c3120e9837eb12f99474141a862b9061ac51",
                "sha256:207ba4f9125a0a4200691e82d5eee7ea1485708eabe99a07fc7f08696fae62f4",
                "sha256:25250867a4cd1510fb755ef9cb38da3065def999d8e92c44e49a39b9b76bc893",
                "sha256:2954557393cfc9a5c11a5199c7a78cd9c0c793a047552d27b1636da50d013916",
                "sha256:317612d5d0ca4a9f7e42afb2add69b10be360784d21ce4ecfbca19f1f5eadf43",
                "sha256:37f54452c7787dbdc0a634ca9773362b91709917f0b365ed14b831f03cbd34ba",
                "sha256:40fa5630cd7d237cd93c4d4b64b9e5ed9273d1cfce55241c7f9066f5db70629d",
                "sha256:57baf63aeb2965ca4b52613ce78e968b6d2bde700c97f6a7e8c6c236b51ab83e",
                "sha256:594aa9a095de16614f703d759e10c018bdffeafce2921b8e80a0e8a0ebbc12e5",
                "sha256:5c3213be557d0468f9df8fe2487eaf2990d9799202c5ff5cb8d394d09fad9b2a",
                "sha256:697ff63bc5451e0b0db48ad205151123d25683b3754198be7ab5fcb44334e519",
                "sha256:6c2f1a76a9ebd9ecf7825b9e20860139ca502c2bf1beabf6accf6c9e66a7e0c3",
                "sha256:7a75565181e75ba0b9fb174b58172bf6ea9b4331631cfe7bafff03f3641f5d73",
                "sha256:7a9c6c62e6e05df5406e9b5235c31c376a22620ef26715a663cee57083b3c2ea",
                "sha256:7c31dade89634807196a6b20ced831fbd5bec8a21c4e458ea950c9102c3aa96f",
                "sha256:82c40ea3ac1555e0462803380609fbe8b26f52620f3d4f8eb480cfd8ceed8a14",
                "sha256:8f5942a4daf1ffac42109dc4a72f786af4baa4fa702ede1d7c57b4b696c2e7d6",
                "sha256:92179bd68c2efe72924a99b6745a9172471931fc296f9bfdf9645b75eebd6344",
                "sha256:94e4128ba1ea56f02522fffac65520091a9de3f5c00da31539e085e13db4771b",
                "sha256:988d2ec7560d42ef0ac34b3b97aad14c4f068792f00e1524fa1d3749fe4e4b64",
                "sha256:9d6266348b15b4a48623bf4d3e50445d8e581da413644f365805b321703d0fac",
                "sha256:9d64fed2681552ed642e9c0cc831a9e95ab91de72b47d0cb68b5bf506ba88647",
                "sha256:b9358e203168fef7bfe9f430afaed3a2a624717a1d19c7afa7dfcbd76e3cd95c",
                "sha256:bf708455cd1e9fa96c05126e89a0c59b200d086c7df7bbafc7d9be769e4149a3",
                "sha256:d3ac07240e2304181ffdb13c099840b5eb555efc7be9344503c0c03aa681de79",
                "sha256:ddca39cc55877653b5fcf59976d073e3d58c7c406ef54ae8e61ddf8782867182",
                "sha256:fc993c9331d91766d54757bbc70231e29d5ceb2d1ac08b1570feaa0c38ab9582"
            ],
            "index": "pypi",
            "version": "==2.7.3.2"
        },
        "pytz": {
            "hashes": [
                "sha256:83a4a90894bf38e243cf052c8b58f381bfe9a7a483f6a9cab140bc7f702ac4da",
                "sha256:eb10ce3e7736052ed3623d49975ce333bcd712c7bb19a58b9e2089d4057d0798"
            ],
            "version": "==2021.1"
        },
        "pyyaml": {
            "hashes": [
                "sha256:02c78d77281d8f8d07a255e57abdbf43b02257f59f50cc6b636937d68efa5dd0",
                "sha256:0dc9f2eb2e3c97640928dec63fd8dc1dd91e6b6ed236bd5ac00332b99b5c2ff9",
                "sha256:124fd7c7bc1e95b1eafc60825f2daf67c73ce7b33f1194731240d24b0d1bf628",
                "sha256:26fcb33776857f4072601502d93e1a619f166c9c00befb52826e7b774efaa9db",
                "sha256:31ba07c54ef4a897758563e3a0fcc60077698df10180abe4b8165d9895c00ebf",
                "sha256:3c49e39ac034fd64fd576d63bb4db53cda89b362768a67f07749d55f128ac18a",
                "sha256:52bf0930903818e600ae6c2901f748bc4869c0c406056f679ab9614e5d21a166",
                "sha256:5a3f345acff76cad4aa9cb171ee76c590f37394186325d53d1aa25318b0d4a09",
                "sha256:5e7ac4e0e79a53451dc2814f6876c2fa6f71452de1498bbe29c0b54b69a986f4",
                "sha256:7242790ab6c20316b8e7bb545be48d7ed36e26bbe279fd56f2c4a12510e60b4b",
                "sha256:737bd70e454a284d456aa1fa71a0b429dd527bcbf52c5c33f7c8eee81ac16b89",
                "sha256:8635d53223b1f561b081ff4adecb828fd484b8efffe542edcfdff471997f7c39",
                "sha256:8b818b6c5a920cbe4203b5a6b14256f0e5244338244560da89b7b0f1313ea4b6",
                "sha256:8bf38641b4713d77da19e91f8b5296b832e4db87338d6aeffe422d42f1ca896d",
                "sha256:a36a48a51e5471513a5aea920cdad84cbd56d70a5057cca3499a637496ea379c",
                "sha256:b2243dd033fd02c01212ad5c601dafb44fbb293065f430b0d3dbf03f3254d615",
                "sha256:cc547d3ead3754712223abb7b403f0a184e4c3eae18c9bb7fd15adef1597cc4b",
                "sha256:cc552b6434b90d9dbed6a4f13339625dc466fd82597119897e9489c953acbc22",
                "sha256:f3790156c606299ff499ec44db422f66f05a7363b39eb9d5b064f17bd7d7c47b",
                "sha256:f7a21e3d99aa3095ef0553e7ceba36fb693998fbb1226f1392ce33681047465f",
                "sha256:fdc6b2cb4b19e431994f25a9160695cc59a4e861710cc6fc97161c5e845fc579"
            ],
            "index": "pypi",
            "version": "==5.4"
        },
        "requests": {
            "hashes": [
                "sha256:27973dd4a904a4f13b263a19c866c13b92a39ed1c964655f025f3f8d3d75b804",
                "sha256:c210084e36a42ae6b9219e00e48287def368a26d03a048ddad7bfee44f75871e"
            ],
            "version": "==2.25.1"
        },
        "six": {
            "hashes": [
                "sha256:30639c035cdb23534cd4aa2dd52c3bf48f06e5f4a941509c8bafd8ce11080259",
                "sha256:8b74bedcbbbaca38ff6d7491d76f2b06b3592611af620f8426e82dddb04a5ced"
            ],
            "version": "==1.15.0"
        },
        "slackclient": {
            "hashes": [
                "sha256:11264e29932ab7de4bfe3a37fdb974219bea07b5e945da92166bb53c4f4d92a8"
            ],
            "index": "pypi",
            "version": "==1.0.9"
        },
        "urllib3": {
            "hashes": [
                "sha256:2f4da4594db7e1e110a944bb1b551fdf4e6c136ad42e4234131391e21eb5b0df",
                "sha256:e7b021f7241115872f92f43c6508082facffbd1c048e3c6e2bb9c2a157e28937"
            ],
            "version": "==1.26.4"
        },
        "websocket-client": {
            "hashes": [
                "sha256:44b5df8f08c74c3d82d28100fdc81f4536809ce98a17f0757557813275fbb663",
                "sha256:63509b41d158ae5b7f67eb4ad20fecbb4eee99434e73e140354dc3ff8e09716f"
            ],
            "version": "==0.58.0"
        }
    },
    "develop": {}
}
